
Microsoft Visual Studio Solution File, Format Version 12.00
# Visual Studio Version 17
VisualStudioVersion = 17.0.31919.166
MinimumVisualStudioVersion = 10.0.40219.1
Project("{9A19103F-16F7-4668-BE54-9A1E7A4F7556}") = "ApplicativoEcofil", "ApplicativoEcofil.csproj", "{EB09A222-F563-4542-806E-E2B439D8F0D8}"
EndProject
Global
	GlobalSection(SolutionConfigurationPlatforms) = preSolution
		Debug|Any CPU = Debug|Any CPU
		Release|Any CPU = Release|Any CPU
	EndGlobalSection
	GlobalSection(ProjectConfigurationPlatforms) = postSolution
		{EB09A222-F563-4542-806E-E2B439D8F0D8}.Debug|Any CPU.ActiveCfg = Debug|Any CPU
		{EB09A222-F563-4542-806E-E2B439D8F0D8}.Debug|Any CPU.Build.0 = Debug|Any CPU
		{EB09A222-F563-4542-806E-E2B439D8F0D8}.Release|Any CPU.ActiveCfg = Release|Any CPU
		{EB09A222-F563-4542-806E-E2B439D8F0D8}.Release|Any CPU.Build.0 = Release|Any CPU
	EndGlobalSection
	GlobalSection(SolutionProperties) = preSolution
		HideSolutionNode = FALSE
	EndGlobalSection
	GlobalSection(ExtensibilityGlobals) = postSolution
		SolutionGuid = {B99E85AB-E583-4A80-9B36-BA9A1DA4994D}
	EndGlobalSection
EndGlobal
